Microsoft Visual Studio Solution File, Format Version 12.00
# Visual Studio Version 16
VisualStudioVersion = 16.0.31402.337
MinimumVisualStudioVersion = 10.0.40219.1
Project("{FAE04EC0-301F-11D3-BF4B-00C04F79EFBC}") = "VRChat Checker", "VRChat Checker.csproj", "{EED29840-A6C3-41AF-908E-0A5130CA7A83}"
EndProject
Global
	GlobalSection(SolutionConfigurationPlatforms) = preSolution
		Debug|Any CPU = Debug|Any CPU
		Release|Any CPU = Release|Any CPU
	EndGlobalSection
	GlobalSection(ProjectConfigurationPlatforms) = postSolution
		{EED29840-A6C3-41AF-908E-0A5130CA7A83}.Debug|Any CPU.ActiveCfg = Release|Any CPU
		{EED29840-A6C3-41AF-908E-0A5130CA7A83}.Debug|Any CPU.Build.0 = Release|Any CPU
		{EED29840-A6C3-41AF-908E-0A5130CA7A83}.Release|Any CPU.ActiveCfg = Release|Any CPU
		{EED29840-A6C3-41AF-908E-0A5130CA7A83}.Release|Any CPU.Build.0 = Release|Any CPU
	EndGlobalSection
	GlobalSection(SolutionProperties) = preSolution
		HideSolutionNode = FALSE
	EndGlobalSection
	GlobalSection(ExtensibilityGlobals) = postSolution
		SolutionGuid = {A1316BA3-385B-4157-AD2E-05AEA27BF73F}
	EndGlobalSection
EndGlobal
